
Microsoft Visual Studio Solution File, Format Version 12.00
# Visual Studio Version 16
VisualStudioVersion = 16.0.31911.196
MinimumVisualStudioVersion = 10.0.40219.1
Project("{2150E333-8FDC-42A3-9474-1A3956D46DE8}") = "ITC_Common", "ITC_Common", "{189D73D9-CB85-44AF-A08B-E93D9F570596}"
EndProject
Project("{2150E333-8FDC-42A3-9474-1A3956D46DE8}") = "CommonDialogService", "CommonDialogService", "{B0C37225-9126-4A1B-9452-756EB28ED803}"
EndProject
Project("{2150E333-8FDC-42A3-9474-1A3956D46DE8}") = "TX_App", "TX_App", "{6DD2F450-2197-4C70-A24F-2162AA41483C}"
EndProject
Project("{2150E333-8FDC-42A3-9474-1A3956D46DE8}") = "ImageDispApp", "ImageDispApp", "{34682B36-FD01-4BE6-82D1-7CA4AE13D482}"
EndProject
Project("{FAE04EC0-301F-11D3-BF4B-00C04F79EFBC}") = "DispApp", "TX_App\ImageDispApp\DispApp\DispApp.csproj", "{47176D9F-84EC-46EE-BF05-2D919A51EA25}"
EndProject
Project("{2150E333-8FDC-42A3-9474-1A3956D46DE8}") = "TX_UT", "TX_UT", "{0795F052-C784-4C4E-9433-FD0EA7348A06}"
EndProject
Project("{FAE04EC0-301F-11D3-BF4B-00C04F79EFBC}") = "UT_AppDisp", "TX_UT\UT_AppDisp\UT_AppDisp\UT_AppDisp.csproj", "{C09B3981-8EDB-41EA-9444-03DAD721590E}"
EndProject
Project("{2150E333-8FDC-42A3-9474-1A3956D46DE8}") = "TX_Model", "TX_Model", "{14C19A1C-791F-40EC-8291-7B2703171DEA}"
EndProject
Project("{2150E333-8FDC-42A3-9474-1A3956D46DE8}") = "MathService", "MathService", "{A69D635F-A0B6-488B-A579-B809BE84B0A8}"
EndProject
Project("{FAE04EC0-301F-11D3-BF4B-00C04F79EFBC}") = "MenuBar", "TX_App\ImageDispApp\MenuBar\MenuBar.csproj", "{93525692-D246-4506-A7C7-0D428DE49537}"
EndProject
Project("{FAE04EC0-301F-11D3-BF4B-00C04F79EFBC}") = "MainModel", "TX_Model\MainModel\MainModel.csproj", "{3453B1B5-B6F4-49FA-BAD2-6CFC9E368A8D}"
EndProject
Project("{FAE04EC0-301F-11D3-BF4B-00C04F79EFBC}") = "CommonDialogLib", "ITC_Common\CommonDialogService\CommonDialogLib\CommonDialogLib.csproj", "{F9DD3C89-E1BF-4840-8AB9-7E8166EBAE6E}"
EndProject
Project("{FAE04EC0-301F-11D3-BF4B-00C04F79EFBC}") = "MessageBoxLib", "ITC_Common\CommonDialogService\MessageBoxLib\MessageBoxLib.csproj", "{B04C5B3A-3DAC-48C4-9694-24BFB7E2F966}"
EndProject
Project("{2150E333-8FDC-42A3-9474-1A3956D46DE8}") = "CustomCtrl", "CustomCtrl", "{5AE56C1A-3105-481B-AA44-DC801FB0C69D}"
EndProject
Project("{FAE04EC0-301F-11D3-BF4B-00C04F79EFBC}") = "WPF_CC_Sample", "TX_App\CustomCtrl\WPF_CC_Sample\WPF_CC_Sample.csproj", "{AD2B5BFE-3800-4452-8C2F-39EDE912B23F}"
EndProject
Project("{FAE04EC0-301F-11D3-BF4B-00C04F79EFBC}") = "ImageCtrlDisp", "TX_App\ImageDispApp\ImageCtrlDisp\ImageCtrlDisp.csproj", "{A3F2E42B-59E6-4893-B5C5-F7DBB1FDB427}"
EndProject
Project("{FAE04EC0-301F-11D3-BF4B-00C04F79EFBC}") = "DispImageWindow", "TX_App\ImageDispApp\DispImageWindow\DispImageWindow.csproj", "{AE4E1D64-4F3C-4328-B2D4-FB3B1C40EB51}"
EndProject
Project("{FAE04EC0-301F-11D3-BF4B-00C04F79EFBC}") = "DispImage", "TX_App\ImageDispApp\DispImage\DispImage.csproj", "{67DF8B4F-10BC-4447-A603-32B8CBBA5FC3}"
EndProject
Project("{2150E333-8FDC-42A3-9474-1A3956D46DE8}") = "UTData", "UTData", "{1469FF50-C419-499C-8223-DDBC4FB7CCCA}"
EndProject
Project("{2150E333-8FDC-42A3-9474-1A3956D46DE8}") = "Jpegs", "Jpegs", "{3118626F-17B3-420F-8CCF-D5FE69F113C9}"
	ProjectSection(SolutionItems) = preProject
		TX_UT\UTData\Jpegs\test1536×1536-0001.jpg = TX_UT\UTData\Jpegs\test1536×1536-0001.jpg
		TX_UT\UTData\Jpegs\test1536×1863-0001.jpg = TX_UT\UTData\Jpegs\test1536×1863-0001.jpg
		TX_UT\UTData\Jpegs\test1863×1536-0001.jpg = TX_UT\UTData\Jpegs\test1863×1536-0001.jpg
		TX_UT\UTData\Jpegs\test512×512-0001.jpg = TX_UT\UTData\Jpegs\test512×512-0001.jpg
		TX_UT\UTData\Jpegs\test512×812-0001.jpg = TX_UT\UTData\Jpegs\test512×812-0001.jpg
		TX_UT\UTData\Jpegs\test812×512-0001.jpg = TX_UT\UTData\Jpegs\test812×512-0001.jpg
	EndProjectSection
EndProject
Project("{2150E333-8FDC-42A3-9474-1A3956D46DE8}") = "ITC_APP", "ITC_APP", "{696181EE-1CF6-457B-BE78-D0308937C794}"
EndProject
Project("{FAE04EC0-301F-11D3-BF4B-00C04F79EFBC}") = "DemoApp", "ITC_App\DemoApp\DemoApp.csproj", "{CB1688ED-06F0-464C-B0B1-1EE9455EB5BB}"
EndProject
Global
	GlobalSection(SolutionConfigurationPlatforms) = preSolution
		Debug|Any CPU = Debug|Any CPU
		Release|Any CPU = Release|Any CPU
	EndGlobalSection
	GlobalSection(ProjectConfigurationPlatforms) = postSolution
		{47176D9F-84EC-46EE-BF05-2D919A51EA25}.Debug|Any CPU.ActiveCfg = Debug|Any CPU
		{47176D9F-84EC-46EE-BF05-2D919A51EA25}.Debug|Any CPU.Build.0 = Debug|Any CPU
		{47176D9F-84EC-46EE-BF05-2D919A51EA25}.Release|Any CPU.ActiveCfg = Release|Any CPU
		{47176D9F-84EC-46EE-BF05-2D919A51EA25}.Release|Any CPU.Build.0 = Release|Any CPU
		{C09B3981-8EDB-41EA-9444-03DAD721590E}.Debug|Any CPU.ActiveCfg = Debug|Any CPU
		{C09B3981-8EDB-41EA-9444-03DAD721590E}.Debug|Any CPU.Build.0 = Debug|Any CPU
		{C09B3981-8EDB-41EA-9444-03DAD721590E}.Release|Any CPU.ActiveCfg = Release|Any CPU
		{C09B3981-8EDB-41EA-9444-03DAD721590E}.Release|Any CPU.Build.0 = Release|Any CPU
		{93525692-D246-4506-A7C7-0D428DE49537}.Debug|Any CPU.ActiveCfg = Debug|Any CPU
		{93525692-D246-4506-A7C7-0D428DE49537}.Debug|Any CPU.Build.0 = Debug|Any CPU
		{93525692-D246-4506-A7C7-0D428DE49537}.Release|Any CPU.ActiveCfg = Release|Any CPU
		{93525692-D246-4506-A7C7-0D428DE49537}.Release|Any CPU.Build.0 = Release|Any CPU
		{3453B1B5-B6F4-49FA-BAD2-6CFC9E368A8D}.Debug|Any CPU.ActiveCfg = Debug|Any CPU
		{3453B1B5-B6F4-49FA-BAD2-6CFC9E368A8D}.Debug|Any CPU.Build.0 = Debug|Any CPU
		{3453B1B5-B6F4-49FA-BAD2-6CFC9E368A8D}.Release|Any CPU.ActiveCfg = Release|Any CPU
		{3453B1B5-B6F4-49FA-BAD2-6CFC9E368A8D}.Release|Any CPU.Build.0 = Release|Any CPU
		{F9DD3C89-E1BF-4840-8AB9-7E8166EBAE6E}.Debug|Any CPU.ActiveCfg = Debug|Any CPU
		{F9DD3C89-E1BF-4840-8AB9-7E8166EBAE6E}.Debug|Any CPU.Build.0 = Debug|Any CPU
		{F9DD3C89-E1BF-4840-8AB9-7E8166EBAE6E}.Release|Any CPU.ActiveCfg = Release|Any CPU
		{F9DD3C89-E1BF-4840-8AB9-7E8166EBAE6E}.Release|Any CPU.Build.0 = Release|Any CPU
		{B04C5B3A-3DAC-48C4-9694-24BFB7E2F966}.Debug|Any CPU.ActiveCfg = Debug|Any CPU
		{B04C5B3A-3DAC-48C4-9694-24BFB7E2F966}.Debug|Any CPU.Build.0 = Debug|Any CPU
		{B04C5B3A-3DAC-48C4-9694-24BFB7E2F966}.Release|Any CPU.ActiveCfg = Release|Any CPU
		{B04C5B3A-3DAC-48C4-9694-24BFB7E2F966}.Release|Any CPU.Build.0 = Release|Any CPU
		{AD2B5BFE-3800-4452-8C2F-39EDE912B23F}.Debug|Any CPU.ActiveCfg = Debug|Any CPU
		{AD2B5BFE-3800-4452-8C2F-39EDE912B23F}.Debug|Any CPU.Build.0 = Debug|Any CPU
		{AD2B5BFE-3800-4452-8C2F-39EDE912B23F}.Release|Any CPU.ActiveCfg = Release|Any CPU
		{AD2B5BFE-3800-4452-8C2F-39EDE912B23F}.Release|Any CPU.Build.0 = Release|Any CPU
		{A3F2E42B-59E6-4893-B5C5-F7DBB1FDB427}.Debug|Any CPU.ActiveCfg = Debug|Any CPU
		{A3F2E42B-59E6-4893-B5C5-F7DBB1FDB427}.Debug|Any CPU.Build.0 = Debug|Any CPU
		{A3F2E42B-59E6-4893-B5C5-F7DBB1FDB427}.Release|Any CPU.ActiveCfg = Release|Any CPU
		{A3F2E42B-59E6-4893-B5C5-F7DBB1FDB427}.Release|Any CPU.Build.0 = Release|Any CPU
		{AE4E1D64-4F3C-4328-B2D4-FB3B1C40EB51}.Debug|Any CPU.ActiveCfg = Debug|Any CPU
		{AE4E1D64-4F3C-4328-B2D4-FB3B1C40EB51}.Debug|Any CPU.Build.0 = Debug|Any CPU
		{AE4E1D64-4F3C-4328-B2D4-FB3B1C40EB51}.Release|Any CPU.ActiveCfg = Release|Any CPU
		{AE4E1D64-4F3C-4328-B2D4-FB3B1C40EB51}.Release|Any CPU.Build.0 = Release|Any CPU
		{67DF8B4F-10BC-4447-A603-32B8CBBA5FC3}.Debug|Any CPU.ActiveCfg = Debug|Any CPU
		{67DF8B4F-10BC-4447-A603-32B8CBBA5FC3}.Debug|Any CPU.Build.0 = Debug|Any CPU
		{67DF8B4F-10BC-4447-A603-32B8CBBA5FC3}.Release|Any CPU.ActiveCfg = Release|Any CPU
		{67DF8B4F-10BC-4447-A603-32B8CBBA5FC3}.Release|Any CPU.Build.0 = Release|Any CPU
		{CB1688ED-06F0-464C-B0B1-1EE9455EB5BB}.Debug|Any CPU.ActiveCfg = Debug|Any CPU
		{CB1688ED-06F0-464C-B0B1-1EE9455EB5BB}.Debug|Any CPU.Build.0 = Debug|Any CPU
		{CB1688ED-06F0-464C-B0B1-1EE9455EB5BB}.Release|Any CPU.ActiveCfg = Release|Any CPU
		{CB1688ED-06F0-464C-B0B1-1EE9455EB5BB}.Release|Any CPU.Build.0 = Release|Any CPU
	EndGlobalSection
	GlobalSection(SolutionProperties) = preSolution
		HideSolutionNode = FALSE
	EndGlobalSection
	GlobalSection(NestedProjects) = preSolution
		{B0C37225-9126-4A1B-9452-756EB28ED803} = {189D73D9-CB85-44AF-A08B-E93D9F570596}
		{34682B36-FD01-4BE6-82D1-7CA4AE13D482} = {6DD2F450-2197-4C70-A24F-2162AA41483C}
		{47176D9F-84EC-46EE-BF05-2D919A51EA25} = {34682B36-FD01-4BE6-82D1-7CA4AE13D482}
		{C09B3981-8EDB-41EA-9444-03DAD721590E} = {0795F052-C784-4C4E-9433-FD0EA7348A06}
		{A69D635F-A0B6-488B-A579-B809BE84B0A8} = {189D73D9-CB85-44AF-A08B-E93D9F570596}
		{93525692-D246-4506-A7C7-0D428DE49537} = {34682B36-FD01-4BE6-82D1-7CA4AE13D482}
		{3453B1B5-B6F4-49FA-BAD2-6CFC9E368A8D} = {14C19A1C-791F-40EC-8291-7B2703171DEA}
		{F9DD3C89-E1BF-4840-8AB9-7E8166EBAE6E} = {B0C37225-9126-4A1B-9452-756EB28ED803}
		{B04C5B3A-3DAC-48C4-9694-24BFB7E2F966} = {B0C37225-9126-4A1B-9452-756EB28ED803}
		{5AE56C1A-3105-481B-AA44-DC801FB0C69D} = {6DD2F450-2197-4C70-A24F-2162AA41483C}
		{AD2B5BFE-3800-4452-8C2F-39EDE912B23F} = {5AE56C1A-3105-481B-AA44-DC801FB0C69D}
		{A3F2E42B-59E6-4893-B5C5-F7DBB1FDB427} = {34682B36-FD01-4BE6-82D1-7CA4AE13D482}
		{AE4E1D64-4F3C-4328-B2D4-FB3B1C40EB51} = {34682B36-FD01-4BE6-82D1-7CA4AE13D482}
		{67DF8B4F-10BC-4447-A603-32B8CBBA5FC3} = {34682B36-FD01-4BE6-82D1-7CA4AE13D482}
		{1469FF50-C419-499C-8223-DDBC4FB7CCCA} = {0795F052-C784-4C4E-9433-FD0EA7348A06}
		{3118626F-17B3-420F-8CCF-D5FE69F113C9} = {1469FF50-C419-499C-8223-DDBC4FB7CCCA}
		{CB1688ED-06F0-464C-B0B1-1EE9455EB5BB} = {696181EE-1CF6-457B-BE78-D0308937C794}
	EndGlobalSection
	GlobalSection(ExtensibilityGlobals) = postSolution
		SolutionGuid = {121A0F37-8C98-4039-B8F8-D7FCA8F530C1}
	EndGlobalSection
EndGlobal
